// !$*UTF8*$!
{
	archiveVersion = 1;
	classes = {
	};
	objectVersion = 55;
	objects = {

/* Begin PBXBuildFile section */
		B088AB262801A597007CFCF6 /* settingViewController.swift in Sources */ = {isa = PBXBuildFile; fileRef = B088AB252801A597007CFCF6 /* settingViewController.swift */; };
		B0D2C22A2801DE1300C2DDD7 /* historyViewController.swift in Sources */ = {isa = PBXBuildFile; fileRef = B0D2C2292801DE1300C2DDD7 /* historyViewController.swift */; };
		B5E6FEA827FDA97100350A57 /* pickerViewController.swift in Sources */ = {isa = PBXBuildFile; fileRef = B5E6FEA727FDA97100350A57 /* pickerViewController.swift */; };
		DB9DC3CA27FABAA9002F048D /* AppDelegate.swift in Sources */ = {isa = PBXBuildFile; fileRef = DB9DC3C927FABAA9002F048D /* AppDelegate.swift */; };
		DB9DC3CC27FABAA9002F048D /* SceneDelegate.swift in Sources */ = {isa = PBXBuildFile; fileRef = DB9DC3CB27FABAA9002F048D /* SceneDelegate.swift */; };
		DB9DC3CE27FABAA9002F048D /* homeViewController.swift in Sources */ = {isa = PBXBuildFile; fileRef = DB9DC3CD27FABAA9002F048D /* homeViewController.swift */; };
		DB9DC3D127FABAA9002F048D /* homeScreen.storyboard in Resources */ = {isa = PBXBuildFile; fileRef = DB9DC3CF27FABAA9002F048D /* homeScreen.storyboard */; };
		DB9DC3D327FABAAA002F048D /* Assets.xcassets in Resources */ = {isa = PBXBuildFile; fileRef = DB9DC3D227FABAAA002F048D /* Assets.xcassets */; };
		DB9DC3D627FABAAA002F048D /* LaunchScreen.storyboard in Resources */ = {isa = PBXBuildFile; fileRef = DB9DC3D427FABAAA002F048D /* LaunchScreen.storyboard */; };
/* End PBXBuildFile section */

/* Begin PBXFileReference section */
		B088AB252801A597007CFCF6 /* settingViewController.swift */ = {isa = PBXFileReference; lastKnownFileType = sourcecode.swift; path = settingViewController.swift; sourceTree = "<group>"; };
		B0D2C2292801DE1300C2DDD7 /* historyViewController.swift */ = {isa = PBXFileReference; lastKnownFileType = sourcecode.swift; path = historyViewController.swift; sourceTree = "<group>"; };
		B5E6FEA727FDA97100350A57 /* pickerViewController.swift */ = {isa = PBXFileReference; lastKnownFileType = sourcecode.swift; path = pickerViewController.swift; sourceTree = "<group>"; };
		DB9DC3C627FABAA9002F048D /* Youra.app */ = {isa = PBXFileReference; explicitFileType = wrapper.application; includeInIndex = 0; path = Youra.app; sourceTree = BUILT_PRODUCTS_DIR; };
		DB9DC3C927FABAA9002F048D /* AppDelegate.swift */ = {isa = PBXFileReference; lastKnownFileType = sourcecode.swift; path = AppDelegate.swift; sourceTree = "<group>"; };
		DB9DC3CB27FABAA9002F048D /* SceneDelegate.swift */ = {isa = PBXFileReference; lastKnownFileType = sourcecode.swift; path = SceneDelegate.swift; sourceTree = "<group>"; };
		DB9DC3CD27FABAA9002F048D /* homeViewController.swift */ = {isa = PBXFileReference; lastKnownFileType = sourcecode.swift; path = homeViewController.swift; sourceTree = "<group>"; };
		DB9DC3D027FABAA9002F048D /* Base */ = {isa = PBXFileReference; lastKnownFileType = file.storyboard; name = Base; path = Base.lproj/homeScreen.storyboard; sourceTree = "<group>"; };
		DB9DC3D227FABAAA002F048D /* Assets.xcassets */ = {isa = PBXFileReference; lastKnownFileType = folder.assetcatalog; path = Assets.xcassets; sourceTree = "<group>"; };
		DB9DC3D527FABAAA002F048D /* Base */ = {isa = PBXFileReference; lastKnownFileType = file.storyboard; name = Base; path = Base.lproj/LaunchScreen.storyboard; sourceTree = "<group>"; };
		DB9DC3D727FABAAA002F048D /* Info.plist */ = {isa = PBXFileReference; lastKnownFileType = text.plist.xml; path = Info.plist; sourceTree = "<group>"; };
/* End PBXFileReference section */

/* Begin PBXFrameworksBuildPhase section */
		DB9DC3C327FABAA9002F048D /* Frameworks */ = {
			isa = PBXFrameworksBuildPhase;
			buildActionMask = 2147483647;
			files = (
			);
			runOnlyForDeploymentPostprocessing = 0;
		};
/* End PBXFrameworksBuildPhase section */

/* Begin PBXGroup section */
		B088AB242801A572007CFCF6 /* settingGroup */ = {
			isa = PBXGroup;
			children = (
				B088AB252801A597007CFCF6 /* settingViewController.swift */,
			);
			path = settingGroup;
			sourceTree = "<group>";
		};
		B0D2C2282801DE0300C2DDD7 /* historyGroup */ = {
			isa = PBXGroup;
			children = (
				B0D2C2292801DE1300C2DDD7 /* historyViewController.swift */,
			);
			path = historyGroup;
			sourceTree = "<group>";
		};
		B514F7DF27FFDBD300C8020B /* homeGroup */ = {
			isa = PBXGroup;
			children = (
				DB9DC3CD27FABAA9002F048D /* homeViewController.swift */,
				B5E6FEA727FDA97100350A57 /* pickerViewController.swift */,
				DB9DC3CF27FABAA9002F048D /* homeScreen.storyboard */,
			);
			path = homeGroup;
			sourceTree = "<group>";
		};
		DB9DC3BD27FABAA9002F048D = {
			isa = PBXGroup;
			children = (
				DB9DC3C827FABAA9002F048D /* Youra */,
				DB9DC3C727FABAA9002F048D /* Products */,
			);
			sourceTree = "<group>";
		};
		DB9DC3C727FABAA9002F048D /* Products */ = {
			isa = PBXGroup;
			children = (
				DB9DC3C627FABAA9002F048D /* Youra.app */,
			);
			name = Products;
			sourceTree = "<group>";
		};
		DB9DC3C827FABAA9002F048D /* Youra */ = {
			isa = PBXGroup;
			children = (
				B0D2C2282801DE0300C2DDD7 /* historyGroup */,
				B088AB242801A572007CFCF6 /* settingGroup */,
				DB9DC3C927FABAA9002F048D /* AppDelegate.swift */,
				DB9DC3CB27FABAA9002F048D /* SceneDelegate.swift */,
				B514F7DF27FFDBD300C8020B /* homeGroup */,
				DB9DC3D227FABAAA002F048D /* Assets.xcassets */,
				DB9DC3D427FABAAA002F048D /* LaunchScreen.storyboard */,
				DB9DC3D727FABAAA002F048D /* Info.plist */,
			);
			path = Youra;
			sourceTree = "<group>";
		};
/* End PBXGroup section */

/* Begin PBXNativeTarget section */
		DB9DC3C527FABAA9002F048D /* Youra */ = {
			isa = PBXNativeTarget;
			buildConfigurationList = DB9DC3DA27FABAAA002F048D /* Build configuration list for PBXNativeTarget "Youra" */;
			buildPhases = (
				DB9DC3C227FABAA9002F048D /* Sources */,
				DB9DC3C327FABAA9002F048D /* Frameworks */,
				DB9DC3C427FABAA9002F048D /* Resources */,
			);
			buildRules = (
			);
			dependencies = (
			);
			name = Youra;
			productName = Youra;
			productReference = DB9DC3C627FABAA9002F048D /* Youra.app */;
			productType = "com.apple.product-type.application";
		};
/* End PBXNativeTarget section */

/* Begin PBXProject section */
		DB9DC3BE27FABAA9002F048D /* Project object */ = {
			isa = PBXProject;
			attributes = {
				BuildIndependentTargetsInParallel = 1;
				LastSwiftUpdateCheck = 1330;
				LastUpgradeCheck = 1330;
				TargetAttributes = {
					DB9DC3C527FABAA9002F048D = {
						CreatedOnToolsVersion = 13.3;
					};
				};
			};
			buildConfigurationList = DB9DC3C127FABAA9002F048D /* Build configuration list for PBXProject "Youra" */;
			compatibilityVersion = "Xcode 13.0";
			developmentRegion = en;
			hasScannedForEncodings = 0;
			knownRegions = (
				en,
				Base,
			);
			mainGroup = DB9DC3BD27FABAA9002F048D;
			productRefGroup = DB9DC3C727FABAA9002F048D /* Products */;
			projectDirPath = "";
			projectRoot = "";
			targets = (
				DB9DC3C527FABAA9002F048D /* Youra */,
			);
		};
/* End PBXProject section */

/* Begin PBXResourcesBuildPhase section */
		DB9DC3C427FABAA9002F048D /* Resources */ = {
			isa = PBXResourcesBuildPhase;
			buildActionMask = 2147483647;
			files = (
				DB9DC3D627FABAAA002F048D /* LaunchScreen.storyboard in Resources */,
				DB9DC3D327FABAAA002F048D /* Assets.xcassets in Resources */,
				DB9DC3D127FABAA9002F048D /* homeScreen.storyboard in Resources */,
			);
			runOnlyForDeploymentPostprocessing = 0;
		};
/* End PBXResourcesBuildPhase section */

/* Begin PBXSourcesBuildPhase section */
		DB9DC3C227FABAA9002F048D /* Sources */ = {
			isa = PBXSourcesBuildPhase;
			buildActionMask = 2147483647;
			files = (
				DB9DC3CE27FABAA9002F048D /* homeViewController.swift in Sources */,
				DB9DC3CA27FABAA9002F048D /* AppDelegate.swift in Sources */,
				B088AB262801A597007CFCF6 /* settingViewController.swift in Sources */,
				B5E6FEA827FDA97100350A57 /* pickerViewController.swift in Sources */,
				DB9DC3CC27FABAA9002F048D /* SceneDelegate.swift in Sources */,
				B0D2C22A2801DE1300C2DDD7 /* historyViewController.swift in Sources */,
			);
			runOnlyForDeploymentPostprocessing = 0;
		};
/* End PBXSourcesBuildPhase section */

/* Begin PBXVariantGroup section */
		DB9DC3CF27FABAA9002F048D /* homeScreen.storyboard */ = {
			isa = PBXVariantGroup;
			children = (
				DB9DC3D027FABAA9002F048D /* Base */,
			);
			name = homeScreen.storyboard;
			sourceTree = "<group>";
		};
		DB9DC3D427FABAAA002F048D /* LaunchScreen.storyboard */ = {
			isa = PBXVariantGroup;
			children = (
				DB9DC3D527FABAAA002F048D /* Base */,
			);
			name = LaunchScreen.storyboard;
			sourceTree = "<group>";
		};
/* End PBXVariantGroup section */

/* Begin XCBuildConfiguration section */
		DB9DC3D827FABAAA002F048D /* Debug */ = {
			isa = XCBuildConfiguration;
			buildSettings = {
				ALWAYS_SEARCH_USER_PATHS = NO;
				CLANG_ANALYZER_NONNULL = YES;
				CLANG_ANALYZER_NUMBER_OBJECT_CONVERSION = YES_AGGRESSIVE;
				CLANG_CXX_LANGUAGE_STANDARD = "gnu++17";
				CLANG_ENABLE_MODULES = YES;
				CLANG_ENABLE_OBJC_ARC = YES;
				CLANG_ENABLE_OBJC_WEAK = YES;
				CLANG_WARN_BLOCK_CAPTURE_AUTORELEASING = YES;
				CLANG_WARN_BOOL_CONVERSION = YES;
				CLANG_WARN_COMMA = YES;
				CLANG_WARN_CONSTANT_CONVERSION = YES;
				CLANG_WARN_DEPRECATED_OBJC_IMPLEMENTATIONS = YES;
				CLANG_WARN_DIRECT_OBJC_ISA_USAGE = YES_ERROR;
				CLANG_WARN_DOCUMENTATION_COMMENTS = YES;
				CLANG_WARN_EMPTY_BODY = YES;
				CLANG_WARN_ENUM_CONVERSION = YES;
				CLANG_WARN_INFINITE_RECURSION = YES;
				CLANG_WARN_INT_CONVERSION = YES;
				CLANG_WARN_NON_LITERAL_NULL_CONVERSION = YES;
				CLANG_WARN_OBJC_IMPLICIT_RETAIN_SELF = YES;
				CLANG_WARN_OBJC_LITERAL_CONVERSION = YES;
				CLANG_WARN_OBJC_ROOT_CLASS = YES_ERROR;
				CLANG_WARN_QUOTED_INCLUDE_IN_FRAMEWORK_HEADER = YES;
				CLANG_WARN_RANGE_LOOP_ANALYSIS = YES;
				CLANG_WARN_STRICT_PROTOTYPES = YES;
				CLANG_WARN_SUSPICIOUS_MOVE = YES;
				CLANG_WARN_UNGUARDED_AVAILABILITY = YES_AGGRESSIVE;
				CLANG_WARN_UNREACHABLE_CODE = YES;
				CLANG_WARN__DUPLICATE_METHOD_MATCH = YES;
				COPY_PHASE_STRIP = NO;
				DEBUG_INFORMATION_FORMAT = dwarf;
				ENABLE_STRICT_OBJC_MSGSEND = YES;
				ENABLE_TESTABILITY = YES;
				GCC_C_LANGUAGE_STANDARD = gnu11;
				GCC_DYNAMIC_NO_PIC = NO;
				GCC_NO_COMMON_BLOCKS = YES;
				GCC_OPTIMIZATION_LEVEL = 0;
				GCC_PREPROCESSOR_DEFINITIONS = (
					"DEBUG=1",
					"$(inherited)",
				);
				GCC_WARN_64_TO_32_BIT_CONVERSION = YES;
				GCC_WARN_ABOUT_RETURN_TYPE = YES_ERROR;
				GCC_WARN_UNDECLARED_SELECTOR = YES;
				GCC_WARN_UNINITIALIZED_AUTOS = YES_AGGRESSIVE;
				GCC_WARN_UNUSED_FUNCTION = YES;
				GCC_WARN_UNUSED_VARIABLE = YES;
				IPHONEOS_DEPLOYMENT_TARGET = 15.4;
				MTL_ENABLE_DEBUG_INFO = INCLUDE_SOURCE;
				MTL_FAST_MATH = YES;
				ONLY_ACTIVE_ARCH = YES;
				SDKROOT = iphoneos;
				SWIFT_ACTIVE_COMPILATION_CONDITIONS = DEBUG;
				SWIFT_OPTIMIZATION_LEVEL = "-Onone";
			};
			name = Debug;
		};
		DB9DC3D927FABAAA002F048D /* Release */ = {
			isa = XCBuildConfiguration;
			buildSettings = {
				ALWAYS_SEARCH_USER_PATHS = NO;
				CLANG_ANALYZER_NONNULL = YES;
				CLANG_ANALYZER_NUMBER_OBJECT_CONVERSION = YES_AGGRESSIVE;
				CLANG_CXX_LANGUAGE_STANDARD = "gnu++17";
				CLANG_ENABLE_MODULES = YES;
				CLANG_ENABLE_OBJC_ARC = YES;
				CLANG_ENABLE_OBJC_WEAK = YES;
				CLANG_WARN_BLOCK_CAPTURE_AUTORELEASING = YES;
				CLANG_WARN_BOOL_CONVERSION = YES;
				CLANG_WARN_COMMA = YES;
				CLANG_WARN_CONSTANT_CONVERSION = YES;
				CLANG_WARN_DEPRECATED_OBJC_IMPLEMENTATIONS = YES;
				CLANG_WARN_DIRECT_OBJC_ISA_USAGE = YES_ERROR;
				CLANG_WARN_DOCUMENTATION_COMMENTS = YES;
				CLANG_WARN_EMPTY_BODY = YES;
				CLANG_WARN_ENUM_CONVERSION = YES;
				CLANG_WARN_INFINITE_RECURSION = YES;
				CLANG_WARN_INT_CONVERSION = YES;
				CLANG_WARN_NON_LITERAL_NULL_CONVERSION = YES;
				CLANG_WARN_OBJC_IMPLICIT_RETAIN_SELF = YES;
				CLANG_WARN_OBJC_LITERAL_CONVERSION = YES;
				CLANG_WARN_OBJC_ROOT_CLASS = YES_ERROR;
				CLANG_WARN_QUOTED_INCLUDE_IN_FRAMEWORK_HEADER = YES;
				CLANG_WARN_RANGE_LOOP_ANALYSIS = YES;
				CLANG_WARN_STRICT_PROTOTYPES = YES;
				CLANG_WARN_SUSPICIOUS_MOVE = YES;
				CLANG_WARN_UNGUARDED_AVAILABILITY = YES_AGGRESSIVE;
				CLANG_WARN_UNREACHABLE_CODE = YES;
				CLANG_WARN__DUPLICATE_METHOD_MATCH = YES;
				COPY_PHASE_STRIP = NO;
				DEBUG_INFORMATION_FORMAT = "dwarf-with-dsym";
				ENABLE_NS_ASSERTIONS = NO;
				ENABLE_STRICT_OBJC_MSGSEND = YES;
				GCC_C_LANGUAGE_STANDARD = gnu11;
				GCC_NO_COMMON_BLOCKS = YES;
				GCC_WARN_64_TO_32_BIT_CONVERSION = YES;
				GCC_WARN_ABOUT_RETURN_TYPE = YES_ERROR;
				GCC_WARN_UNDECLARED_SELECTOR = YES;
				GCC_WARN_UNINITIALIZED_AUTOS = YES_AGGRESSIVE;
				GCC_WARN_UNUSED_FUNCTION = YES;
				GCC_WARN_UNUSED_VARIABLE = YES;
				IPHONEOS_DEPLOYMENT_TARGET = 15.4;
				MTL_ENABLE_DEBUG_INFO = NO;
				MTL_FAST_MATH = YES;
				SDKROOT = iphoneos;
				SWIFT_COMPILATION_MODE = wholemodule;
				SWIFT_OPTIMIZATION_LEVEL = "-O";
				VALIDATE_PRODUCT = YES;
			};
			name = Release;
		};
		DB9DC3DB27FABAAA002F048D /* Debug */ = {
			isa = XCBuildConfiguration;
			buildSettings = {
				ASSETCATALOG_COMPILER_APPICON_NAME = AppIcon;
				ASSETCATALOG_COMPILER_GLOBAL_ACCENT_COLOR_NAME = AccentColor;
				CODE_SIGN_STYLE = Automatic;
				CURRENT_PROJECT_VERSION = 1;
				DEVELOPMENT_TEAM = 5DUFZTPDQV;
				GENERATE_INFOPLIST_FILE = YES;
				INFOPLIST_FILE = Youra/Info.plist;
				INFOPLIST_KEY_UIApplicationSupportsIndirectInputEvents = YES;
				INFOPLIST_KEY_UILaunchStoryboardName = LaunchScreen;
				INFOPLIST_KEY_UIMainStoryboardFile = homeScreen;
				INFOPLIST_KEY_UISupportedInterfaceOrientations_iPad = "UIInterfaceOrientationPortrait UIInterfaceOrientationPortraitUpsideDown UIInterfaceOrientationLandscapeLeft UIInterfaceOrientationLandscapeRight";
				INFOPLIST_KEY_UISupportedInterfaceOrientations_iPhone = "UIInterfaceOrientationPortrait UIInterfaceOrientationLandscapeLeft UIInterfaceOrientationLandscapeRight";
				LD_RUNPATH_SEARCH_PATHS = (
					"$(inherited)",
					"@executable_path/Frameworks",
				);
				MARKETING_VERSION = 1.0;
				PRODUCT_BUNDLE_IDENTIFIER = com.HanselMatthew;
				PRODUCT_NAME = "$(TARGET_NAME)";
				SWIFT_EMIT_LOC_STRINGS = YES;
				SWIFT_VERSION = 5.0;
				TARGETED_DEVICE_FAMILY = "1,2";
			};
			name = Debug;
		};
		DB9DC3DC27FABAAA002F048D /* Release */ = {
			isa = XCBuildConfiguration;
			buildSettings = {
				ASSETCATALOG_COMPILER_APPICON_NAME = AppIcon;
				ASSETCATALOG_COMPILER_GLOBAL_ACCENT_COLOR_NAME = AccentColor;
				CODE_SIGN_STYLE = Automatic;
				CURRENT_PROJECT_VERSION = 1;
				DEVELOPMENT_TEAM = 5DUFZTPDQV;
				GENERATE_INFOPLIST_FILE = YES;
				INFOPLIST_FILE = Youra/Info.plist;
				INFOPLIST_KEY_UIApplicationSupportsIndirectInputEvents = YES;
				INFOPLIST_KEY_UILaunchStoryboardName = LaunchScreen;
				INFOPLIST_KEY_UIMainStoryboardFile = homeScreen;
				INFOPLIST_KEY_UISupportedInterfaceOrientations_iPad = "UIInterfaceOrientationPortrait UIInterfaceOrientationPortraitUpsideDown UIInterfaceOrientationLandscapeLeft UIInterfaceOrientationLandscapeRight";
				INFOPLIST_KEY_UISupportedInterfaceOrientations_iPhone = "UIInterfaceOrientationPortrait UIInterfaceOrientationLandscapeLeft UIInterfaceOrientationLandscapeRight";
				LD_RUNPATH_SEARCH_PATHS = (
					"$(inherited)",
					"@executable_path/Frameworks",
				);
				MARKETING_VERSION = 1.0;
				PRODUCT_BUNDLE_IDENTIFIER = com.HanselMatthew;
				PRODUCT_NAME = "$(TARGET_NAME)";
				SWIFT_EMIT_LOC_STRINGS = YES;
				SWIFT_VERSION = 5.0;
				TARGETED_DEVICE_FAMILY = "1,2";
			};
			name = Release;
		};
/* End XCBuildConfiguration section */

/* Begin XCConfigurationList section */
		DB9DC3C127FABAA9002F048D /* Build configuration list for PBXProject "Youra" */ = {
			isa = XCConfigurationList;
			buildConfigurations = (
				DB9DC3D827FABAAA002F048D /* Debug */,
				DB9DC3D927FABAAA002F048D /* Release */,
			);
			defaultConfigurationIsVisible = 0;
			defaultConfigurationName = Release;
		};
		DB9DC3DA27FABAAA002F048D /* Build configuration list for PBXNativeTarget "Youra" */ = {
			isa = XCConfigurationList;
			buildConfigurations = (
				DB9DC3DB27FABAAA002F048D /* Debug */,
				DB9DC3DC27FABAAA002F048D /* Release */,
			);
			defaultConfigurationIsVisible = 0;
			defaultConfigurationName = Release;
		};
/* End XCConfigurationList section */
	};
	rootObject = DB9DC3BE27FABAA9002F048D /* Project object */;
}
